
Microsoft Visual Studio Solution File, Format Version 12.00
# Visual Studio Version 16
VisualStudioVersion = 16.0.30517.126
MinimumVisualStudioVersion = 10.0.40219.1
Project("{2150E333-8FDC-42A3-9474-1A3956D46DE8}") = "1. Gepsio", "1. Gepsio", "{E8E3A759-A3BF-4095-8E4B-C37833E8A50C}"
EndProject
Project("{2150E333-8FDC-42A3-9474-1A3956D46DE8}") = "2. Service", "2. Service", "{FB08E29F-C031-4058-BD4C-0FE328741B7C}"
EndProject
Project("{9A19103F-16F7-4668-BE54-9A1E7A4F7556}") = "XBRLservices", "XBRLservices\XBRLservices.csproj", "{95C5B715-BF27-4C37-B041-F43AF75608E4}"
EndProject
Project("{9A19103F-16F7-4668-BE54-9A1E7A4F7556}") = "JeffFerguson.Gepsio", "JeffFerguson.Gepsio\JeffFerguson.Gepsio.csproj", "{6321F380-C37F-40CC-A848-92B402452720}"
EndProject
Project("{2150E333-8FDC-42A3-9474-1A3956D46DE8}") = "3. Presentation", "3. Presentation", "{CB6D6633-562E-4F24-AF55-A15B30E3B652}"
EndProject
Project("{9A19103F-16F7-4668-BE54-9A1E7A4F7556}") = "XBRLviewerMVC", "XBRLviewerMVC\XBRLviewerMVC.csproj", "{60A720F1-4A62-44D8-BCA6-3EBB644198F1}"
EndProject
Project("{9A19103F-16F7-4668-BE54-9A1E7A4F7556}") = "RTHtestConsole", "RTHtestConsole\RTHtestConsole.csproj", "{CCE0F765-1F30-473C-B2A7-834C6C7E0D78}"
EndProject
Global
	GlobalSection(SolutionConfigurationPlatforms) = preSolution
		Debug|Any CPU = Debug|Any CPU
		Release|Any CPU = Release|Any CPU
	EndGlobalSection
	GlobalSection(ProjectConfigurationPlatforms) = postSolution
		{95C5B715-BF27-4C37-B041-F43AF75608E4}.Debug|Any CPU.ActiveCfg = Debug|Any CPU
		{95C5B715-BF27-4C37-B041-F43AF75608E4}.Debug|Any CPU.Build.0 = Debug|Any CPU
		{95C5B715-BF27-4C37-B041-F43AF75608E4}.Release|Any CPU.ActiveCfg = Release|Any CPU
		{95C5B715-BF27-4C37-B041-F43AF75608E4}.Release|Any CPU.Build.0 = Release|Any CPU
		{6321F380-C37F-40CC-A848-92B402452720}.Debug|Any CPU.ActiveCfg = Debug|Any CPU
		{6321F380-C37F-40CC-A848-92B402452720}.Debug|Any CPU.Build.0 = Debug|Any CPU
		{6321F380-C37F-40CC-A848-92B402452720}.Release|Any CPU.ActiveCfg = Release|Any CPU
		{6321F380-C37F-40CC-A848-92B402452720}.Release|Any CPU.Build.0 = Release|Any CPU
		{60A720F1-4A62-44D8-BCA6-3EBB644198F1}.Debug|Any CPU.ActiveCfg = Debug|Any CPU
		{60A720F1-4A62-44D8-BCA6-3EBB644198F1}.Debug|Any CPU.Build.0 = Debug|Any CPU
		{60A720F1-4A62-44D8-BCA6-3EBB644198F1}.Release|Any CPU.ActiveCfg = Release|Any CPU
		{60A720F1-4A62-44D8-BCA6-3EBB644198F1}.Release|Any CPU.Build.0 = Release|Any CPU
		{CCE0F765-1F30-473C-B2A7-834C6C7E0D78}.Debug|Any CPU.ActiveCfg = Debug|Any CPU
		{CCE0F765-1F30-473C-B2A7-834C6C7E0D78}.Debug|Any CPU.Build.0 = Debug|Any CPU
		{CCE0F765-1F30-473C-B2A7-834C6C7E0D78}.Release|Any CPU.ActiveCfg = Release|Any CPU
		{CCE0F765-1F30-473C-B2A7-834C6C7E0D78}.Release|Any CPU.Build.0 = Release|Any CPU
	EndGlobalSection
	GlobalSection(SolutionProperties) = preSolution
		HideSolutionNode = FALSE
	EndGlobalSection
	GlobalSection(NestedProjects) = preSolution
		{95C5B715-BF27-4C37-B041-F43AF75608E4} = {FB08E29F-C031-4058-BD4C-0FE328741B7C}
		{6321F380-C37F-40CC-A848-92B402452720} = {E8E3A759-A3BF-4095-8E4B-C37833E8A50C}
		{60A720F1-4A62-44D8-BCA6-3EBB644198F1} = {CB6D6633-562E-4F24-AF55-A15B30E3B652}
		{CCE0F765-1F30-473C-B2A7-834C6C7E0D78} = {CB6D6633-562E-4F24-AF55-A15B30E3B652}
	EndGlobalSection
	GlobalSection(ExtensibilityGlobals) = postSolution
		SolutionGuid = {AF4209C4-34BC-4AD8-8201-0D4EFE0F458E}
	EndGlobalSection
EndGlobal
